
Microsoft Visual Studio Solution File, Format Version 12.00
# Visual Studio Version 17
VisualStudioVersion = 17.13.35931.197 d17.13
MinimumVisualStudioVersion = 10.0.40219.1
Project("{FAE04EC0-301F-11D3-BF4B-00C04F79EFBC}") = "Lab06", "Lab06\Lab06.csproj", "{D52FD9A1-72FA-4DD6-B739-8F61C06B13EE}"
EndProject
Global
	GlobalSection(SolutionConfigurationPlatforms) = preSolution
		Debug|Any CPU = Debug|Any CPU
		Release|Any CPU = Release|Any CPU
	EndGlobalSection
	GlobalSection(ProjectConfigurationPlatforms) = postSolution
		{D52FD9A1-72FA-4DD6-B739-8F61C06B13EE}.Debug|Any CPU.ActiveCfg = Debug|Any CPU
		{D52FD9A1-72FA-4DD6-B739-8F61C06B13EE}.Debug|Any CPU.Build.0 = Debug|Any CPU
		{D52FD9A1-72FA-4DD6-B739-8F61C06B13EE}.Release|Any CPU.ActiveCfg = Release|Any CPU
		{D52FD9A1-72FA-4DD6-B739-8F61C06B13EE}.Release|Any CPU.Build.0 = Release|Any CPU
	EndGlobalSection
	GlobalSection(SolutionProperties) = preSolution
		HideSolutionNode = FALSE
	EndGlobalSection
	GlobalSection(ExtensibilityGlobals) = postSolution
		SolutionGuid = {E4432624-7963-45E1-A255-8DB3B03999BC}
	EndGlobalSection
EndGlobal
